# THIS IS AN AUTOGENERATED FILE. DO NOT EDIT THIS FILE DIRECTLY.
# yarn lockfile v1


envprocessor@^1.8.15:
  version "1.8.15"
  resolved "https://registry.yarnpkg.com/envprocessor/-/envprocessor-1.8.15.tgz#244c89a7e3d8e31798896113cd8089efd5fb997a"
  integrity sha512-IQ2fMxFOMFY8IOLzNe+NkbIFK887KwOYTfSaEfj2uIeYxhmx1AB8KUNM+ZzYWjYEgnpFW8E5USCgwSUHlbBaAA==
  dependencies:
    mkdirp "^3.0.1"

mkdirp@^3.0.1:
  version "3.0.1"
  resolved "https://registry.yarnpkg.com/mkdirp/-/mkdirp-3.0.1.tgz#e44e4c5607fb279c168241713cc6e0fea9adcb50"
  integrity sha512-+NsyUUAZDmo6YVHzL/stxSu3t9YS1iljliy3BSDrXJ/dkn1KYdmtZODGGjLcc9XLgVVpH4KshHB8XmZgMhaBXg==
